{
    "_readme": [
        "This file locks the dependencies of your project to a known state",
        "Read more about it at https://getcomposer.org/doc/01-basic-usage.md#installing-dependencies",
        "This file is @generated automatically"
    ],
    "content-hash": "68237b869279a7d3cd0414beb694ec36",
    "packages": [
    ],
    "packages-dev": [],
    "aliases": [],
    "stability-flags": [],
    "platform": [],
    "platform-dev": []
}
